
Microsoft Visual Studio Solution File, Format Version 12.00
# Visual Studio Version 17
VisualStudioVersion = 17.8.34219.65
MinimumVisualStudioVersion = 10.0.40219.1
Project("{FAE04EC0-301F-11D3-BF4B-00C04F79EFBC}") = "parentthese", "parentthese\parentthese.csproj", "{04EBC512-5614-4DBD-9413-C5B352130942}"
EndProject
Global
	GlobalSection(SolutionConfigurationPlatforms) = preSolution
		Debug|Any CPU = Debug|Any CPU
		Release|Any CPU = Release|Any CPU
	EndGlobalSection
	GlobalSection(ProjectConfigurationPlatforms) = postSolution
		{04EBC512-5614-4DBD-9413-C5B352130942}.Debug|Any CPU.ActiveCfg = Debug|Any CPU
		{04EBC512-5614-4DBD-9413-C5B352130942}.Debug|Any CPU.Build.0 = Debug|Any CPU
		{04EBC512-5614-4DBD-9413-C5B352130942}.Release|Any CPU.ActiveCfg = Release|Any CPU
		{04EBC512-5614-4DBD-9413-C5B352130942}.Release|Any CPU.Build.0 = Release|Any CPU
	EndGlobalSection
	GlobalSection(SolutionProperties) = preSolution
		HideSolutionNode = FALSE
	EndGlobalSection
	GlobalSection(ExtensibilityGlobals) = postSolution
		SolutionGuid = {C262CCC2-F096-432C-8352-7C8D33A3E59A}
	EndGlobalSection
EndGlobal
