
Microsoft Visual Studio Solution File, Format Version 12.00
# Visual Studio Version 17
VisualStudioVersion = 17.8.34219.65
MinimumVisualStudioVersion = 10.0.40219.1
Project("{FAE04EC0-301F-11D3-BF4B-00C04F79EFBC}") = "string_to_int", "string_to_int\string_to_int.csproj", "{410EE27D-862C-433D-81D5-8B7AF4EE62EF}"
EndProject
Global
	GlobalSection(SolutionConfigurationPlatforms) = preSolution
		Debug|Any CPU = Debug|Any CPU
		Release|Any CPU = Release|Any CPU
	EndGlobalSection
	GlobalSection(ProjectConfigurationPlatforms) = postSolution
		{410EE27D-862C-433D-81D5-8B7AF4EE62EF}.Debug|Any CPU.ActiveCfg = Debug|Any CPU
		{410EE27D-862C-433D-81D5-8B7AF4EE62EF}.Debug|Any CPU.Build.0 = Debug|Any CPU
		{410EE27D-862C-433D-81D5-8B7AF4EE62EF}.Release|Any CPU.ActiveCfg = Release|Any CPU
		{410EE27D-862C-433D-81D5-8B7AF4EE62EF}.Release|Any CPU.Build.0 = Release|Any CPU
	EndGlobalSection
	GlobalSection(SolutionProperties) = preSolution
		HideSolutionNode = FALSE
	EndGlobalSection
	GlobalSection(ExtensibilityGlobals) = postSolution
		SolutionGuid = {A037BA33-BA31-4400-B09C-A69526F4AF8C}
	EndGlobalSection
EndGlobal
